
Microsoft Visual Studio Solution File, Format Version 12.00
# Visual Studio 14
VisualStudioVersion = 14.0.25420.1
MinimumVisualStudioVersion = 10.0.40219.1
Project("{2150E333-8FDC-42A3-9474-1A3956D46DE8}") = "src", "src", "{02E889D1-556C-49FB-ABEC-52FE6BB924FD}"
EndProject
Project("{2150E333-8FDC-42A3-9474-1A3956D46DE8}") = "Solution Items", "Solution Items", "{AF1F2B15-31AE-4FCF-B272-294909D11E3E}"
	ProjectSection(SolutionItems) = preProject
		global.json = global.json
	EndProjectSection
EndProject
Project("{8BB2217D-0F2D-49D1-97BC-3654ED321F3B}") = "MVC", "src\MVC\MVC.xproj", "{C0938E94-CB6E-4A51-B0C8-10601BFD694A}"
EndProject
Global
	GlobalSection(SolutionConfigurationPlatforms) = preSolution
		Debug|Any CPU = Debug|Any CPU
		Release|Any CPU = Release|Any CPU
	EndGlobalSection
	GlobalSection(ProjectConfigurationPlatforms) = postSolution
		{C0938E94-CB6E-4A51-B0C8-10601BFD694A}.Debug|Any CPU.ActiveCfg = Debug|Any CPU
		{C0938E94-CB6E-4A51-B0C8-10601BFD694A}.Debug|Any CPU.Build.0 = Debug|Any CPU
		{C0938E94-CB6E-4A51-B0C8-10601BFD694A}.Release|Any CPU.ActiveCfg = Release|Any CPU
		{C0938E94-CB6E-4A51-B0C8-10601BFD694A}.Release|Any CPU.Build.0 = Release|Any CPU
	EndGlobalSection
	GlobalSection(SolutionProperties) = preSolution
		HideSolutionNode = FALSE
	EndGlobalSection
	GlobalSection(NestedProjects) = preSolution
		{C0938E94-CB6E-4A51-B0C8-10601BFD694A} = {02E889D1-556C-49FB-ABEC-52FE6BB924FD}
	EndGlobalSection
EndGlobal
